
Microsoft Visual Studio Solution File, Format Version 12.00
# Visual Studio Version 16
VisualStudioVersion = 16.0.31702.278
MinimumVisualStudioVersion = 10.0.40219.1
Project("{FAE04EC0-301F-11D3-BF4B-00C04F79EFBC}") = "LETSPREP.Android", "LETSPREP.Android\LETSPREP.Android.csproj", "{5D65734C-DCCA-4912-B7AA-7F319BF06830}"
EndProject
Project("{FAE04EC0-301F-11D3-BF4B-00C04F79EFBC}") = "LETSPREP.iOS", "LETSPREP.iOS\LETSPREP.iOS.csproj", "{F848FD31-B2E7-4162-9437-B35E304998CA}"
EndProject
Project("{FAE04EC0-301F-11D3-BF4B-00C04F79EFBC}") = "LETSPREP", "LETSPREP\LETSPREP.csproj", "{00E79433-3938-4118-A8F5-DA78EA244C8E}"
EndProject
Global
	GlobalSection(SolutionConfigurationPlatforms) = preSolution
		Debug|Any CPU = Debug|Any CPU
		Debug|iPhone = Debug|iPhone
		Debug|iPhoneSimulator = Debug|iPhoneSimulator
		Release|Any CPU = Release|Any CPU
		Release|iPhone = Release|iPhone
		Release|iPhoneSimulator = Release|iPhoneSimulator
	EndGlobalSection
	GlobalSection(ProjectConfigurationPlatforms) = postSolution
		{5D65734C-DCCA-4912-B7AA-7F319BF06830}.Debug|Any CPU.ActiveCfg = Debug|Any CPU
		{5D65734C-DCCA-4912-B7AA-7F319BF06830}.Debug|Any CPU.Build.0 = Debug|Any CPU
		{5D65734C-DCCA-4912-B7AA-7F319BF06830}.Debug|Any CPU.Deploy.0 = Debug|Any CPU
		{5D65734C-DCCA-4912-B7AA-7F319BF06830}.Debug|iPhone.ActiveCfg = Debug|Any CPU
		{5D65734C-DCCA-4912-B7AA-7F319BF06830}.Debug|iPhone.Build.0 = Debug|Any CPU
		{5D65734C-DCCA-4912-B7AA-7F319BF06830}.Debug|iPhone.Deploy.0 = Debug|Any CPU
		{5D65734C-DCCA-4912-B7AA-7F319BF06830}.Debug|iPhoneSimulator.ActiveCfg = Debug|Any CPU
		{5D65734C-DCCA-4912-B7AA-7F319BF06830}.Debug|iPhoneSimulator.Build.0 = Debug|Any CPU
		{5D65734C-DCCA-4912-B7AA-7F319BF06830}.Debug|iPhoneSimulator.Deploy.0 = Debug|Any CPU
		{5D65734C-DCCA-4912-B7AA-7F319BF06830}.Release|Any CPU.ActiveCfg = Release|Any CPU
		{5D65734C-DCCA-4912-B7AA-7F319BF06830}.Release|Any CPU.Build.0 = Release|Any CPU
		{5D65734C-DCCA-4912-B7AA-7F319BF06830}.Release|Any CPU.Deploy.0 = Release|Any CPU
		{5D65734C-DCCA-4912-B7AA-7F319BF06830}.Release|iPhone.ActiveCfg = Release|Any CPU
		{5D65734C-DCCA-4912-B7AA-7F319BF06830}.Release|iPhone.Build.0 = Release|Any CPU
		{5D65734C-DCCA-4912-B7AA-7F319BF06830}.Release|iPhone.Deploy.0 = Release|Any CPU
		{5D65734C-DCCA-4912-B7AA-7F319BF06830}.Release|iPhoneSimulator.ActiveCfg = Release|Any CPU
		{5D65734C-DCCA-4912-B7AA-7F319BF06830}.Release|iPhoneSimulator.Build.0 = Release|Any CPU
		{5D65734C-DCCA-4912-B7AA-7F319BF06830}.Release|iPhoneSimulator.Deploy.0 = Release|Any CPU
		{F848FD31-B2E7-4162-9437-B35E304998CA}.Debug|Any CPU.ActiveCfg = Debug|iPhone
		{F848FD31-B2E7-4162-9437-B35E304998CA}.Debug|Any CPU.Build.0 = Debug|iPhone
		{F848FD31-B2E7-4162-9437-B35E304998CA}.Debug|Any CPU.Deploy.0 = Debug|iPhone
		{F848FD31-B2E7-4162-9437-B35E304998CA}.Debug|iPhone.ActiveCfg = Debug|iPhone
		{F848FD31-B2E7-4162-9437-B35E304998CA}.Debug|iPhone.Build.0 = Debug|iPhone
		{F848FD31-B2E7-4162-9437-B35E304998CA}.Debug|iPhone.Deploy.0 = Debug|iPhone
		{F848FD31-B2E7-4162-9437-B35E304998CA}.Debug|iPhoneSimulator.ActiveCfg = Debug|iPhoneSimulator
		{F848FD31-B2E7-4162-9437-B35E304998CA}.Debug|iPhoneSimulator.Build.0 = Debug|iPhoneSimulator
		{F848FD31-B2E7-4162-9437-B35E304998CA}.Debug|iPhoneSimulator.Deploy.0 = Debug|iPhoneSimulator
		{F848FD31-B2E7-4162-9437-B35E304998CA}.Release|Any CPU.ActiveCfg = Release|iPhoneSimulator
		{F848FD31-B2E7-4162-9437-B35E304998CA}.Release|Any CPU.Build.0 = Release|iPhoneSimulator
		{F848FD31-B2E7-4162-9437-B35E304998CA}.Release|Any CPU.Deploy.0 = Release|iPhoneSimulator
		{F848FD31-B2E7-4162-9437-B35E304998CA}.Release|iPhone.ActiveCfg = Release|iPhone
		{F848FD31-B2E7-4162-9437-B35E304998CA}.Release|iPhone.Build.0 = Release|iPhone
		{F848FD31-B2E7-4162-9437-B35E304998CA}.Release|iPhone.Deploy.0 = Release|iPhone
		{F848FD31-B2E7-4162-9437-B35E304998CA}.Release|iPhoneSimulator.ActiveCfg = Release|iPhoneSimulator
		{F848FD31-B2E7-4162-9437-B35E304998CA}.Release|iPhoneSimulator.Build.0 = Release|iPhoneSimulator
		{F848FD31-B2E7-4162-9437-B35E304998CA}.Release|iPhoneSimulator.Deploy.0 = Release|iPhoneSimulator
		{00E79433-3938-4118-A8F5-DA78EA244C8E}.Debug|Any CPU.ActiveCfg = Debug|Any CPU
		{00E79433-3938-4118-A8F5-DA78EA244C8E}.Debug|Any CPU.Build.0 = Debug|Any CPU
		{00E79433-3938-4118-A8F5-DA78EA244C8E}.Debug|Any CPU.Deploy.0 = Debug|Any CPU
		{00E79433-3938-4118-A8F5-DA78EA244C8E}.Debug|iPhone.ActiveCfg = Debug|Any CPU
		{00E79433-3938-4118-A8F5-DA78EA244C8E}.Debug|iPhone.Build.0 = Debug|Any CPU
		{00E79433-3938-4118-A8F5-DA78EA244C8E}.Debug|iPhone.Deploy.0 = Debug|Any CPU
		{00E79433-3938-4118-A8F5-DA78EA244C8E}.Debug|iPhoneSimulator.ActiveCfg = Debug|Any CPU
		{00E79433-3938-4118-A8F5-DA78EA244C8E}.Debug|iPhoneSimulator.Build.0 = Debug|Any CPU
		{00E79433-3938-4118-A8F5-DA78EA244C8E}.Debug|iPhoneSimulator.Deploy.0 = Debug|Any CPU
		{00E79433-3938-4118-A8F5-DA78EA244C8E}.Release|Any CPU.ActiveCfg = Release|Any CPU
		{00E79433-3938-4118-A8F5-DA78EA244C8E}.Release|Any CPU.Build.0 = Release|Any CPU
		{00E79433-3938-4118-A8F5-DA78EA244C8E}.Release|Any CPU.Deploy.0 = Release|Any CPU
		{00E79433-3938-4118-A8F5-DA78EA244C8E}.Release|iPhone.ActiveCfg = Release|Any CPU
		{00E79433-3938-4118-A8F5-DA78EA244C8E}.Release|iPhone.Build.0 = Release|Any CPU
		{00E79433-3938-4118-A8F5-DA78EA244C8E}.Release|iPhone.Deploy.0 = Release|Any CPU
		{00E79433-3938-4118-A8F5-DA78EA244C8E}.Release|iPhoneSimulator.ActiveCfg = Release|Any CPU
		{00E79433-3938-4118-A8F5-DA78EA244C8E}.Release|iPhoneSimulator.Build.0 = Release|Any CPU
		{00E79433-3938-4118-A8F5-DA78EA244C8E}.Release|iPhoneSimulator.Deploy.0 = Release|Any CPU
	EndGlobalSection
	GlobalSection(SolutionProperties) = preSolution
		HideSolutionNode = FALSE
	EndGlobalSection
	GlobalSection(ExtensibilityGlobals) = postSolution
		SolutionGuid = {DEB2D06E-82E4-4044-9142-23200516A167}
	EndGlobalSection
EndGlobal
